
Microsoft Visual Studio Solution File, Format Version 12.00
# Visual Studio Version 16
VisualStudioVersion = 16.0.30204.135
MinimumVisualStudioVersion = 10.0.40219.1
Project("{FAE04EC0-301F-11D3-BF4B-00C04F79EFBC}") = "DBFactory", "DBFactory\DBFactory.csproj", "{2F6B2B79-63BD-4691-B568-99A94838E3D0}"
EndProject
Global
	GlobalSection(SolutionConfigurationPlatforms) = preSolution
		Debug|Any CPU = Debug|Any CPU
		Release|Any CPU = Release|Any CPU
	EndGlobalSection
	GlobalSection(ProjectConfigurationPlatforms) = postSolution
		{2F6B2B79-63BD-4691-B568-99A94838E3D0}.Debug|Any CPU.ActiveCfg = Debug|Any CPU
		{2F6B2B79-63BD-4691-B568-99A94838E3D0}.Debug|Any CPU.Build.0 = Debug|Any CPU
		{2F6B2B79-63BD-4691-B568-99A94838E3D0}.Release|Any CPU.ActiveCfg = Release|Any CPU
		{2F6B2B79-63BD-4691-B568-99A94838E3D0}.Release|Any CPU.Build.0 = Release|Any CPU
	EndGlobalSection
	GlobalSection(SolutionProperties) = preSolution
		HideSolutionNode = FALSE
	EndGlobalSection
	GlobalSection(ExtensibilityGlobals) = postSolution
		SolutionGuid = {3F87DDE7-C215-4D0C-9E75-8A67E7EBBCFC}
	EndGlobalSection
EndGlobal
